// !$*UTF8*$!
{
	archiveVersion = 1;
	classes = {
	};
	objectVersion = 56;
	objects = {

/* Begin PBXBuildFile section */
		C070FD242C5C03AA00EF020C /* IOSApp.swift in Sources */ = {isa = PBXBuildFile; fileRef = C070FD232C5C03AA00EF020C /* IOSApp.swift */; };
		C070FD262C5C03AA00EF020C /* ContentView.swift in Sources */ = {isa = PBXBuildFile; fileRef = C070FD252C5C03AA00EF020C /* ContentView.swift */; };
		C070FD282C5C03AC00EF020C /* Assets.xcassets in Resources */ = {isa = PBXBuildFile; fileRef = C070FD272C5C03AC00EF020C /* Assets.xcassets */; };
		C070FD2B2C5C03AC00EF020C /* Preview Assets.xcassets in Resources */ = {isa = PBXBuildFile; fileRef = C070FD2A2C5C03AC00EF020C /* Preview Assets.xcassets */; };
		C070FD352C5C03AC00EF020C /* IOSTests.swift in Sources */ = {isa = PBXBuildFile; fileRef = C070FD342C5C03AC00EF020C /* IOSTests.swift */; };
		C070FD3F2C5C03AC00EF020C /* IOSUITests.swift in Sources */ = {isa = PBXBuildFile; fileRef = C070FD3E2C5C03AC00EF020C /* IOSUITests.swift */; };
		C070FD412C5C03AC00EF020C /* IOSUITestsLaunchTests.swift in Sources */ = {isa = PBXBuildFile; fileRef = C070FD402C5C03AC00EF020C /* IOSUITestsLaunchTests.swift */; };
/* End PBXBuildFile section */

/* Begin PBXContainerItemProxy section */
		C070FD312C5C03AC00EF020C /* PBXContainerItemProxy */ = {
			isa = PBXContainerItemProxy;
			containerPortal = C070FD182C5C03AA00EF020C /* Project object */;
			proxyType = 1;
			remoteGlobalIDString = C070FD1F2C5C03AA00EF020C;
			remoteInfo = IOS;
		};
		C070FD3B2C5C03AC00EF020C /* PBXContainerItemProxy */ = {
			isa = PBXContainerItemProxy;
			containerPortal = C070FD182C5C03AA00EF020C /* Project object */;
			proxyType = 1;
			remoteGlobalIDString = C070FD1F2C5C03AA00EF020C;
			remoteInfo = IOS;
		};
/* End PBXContainerItemProxy section */

/* Begin PBXFileReference section */
		C070FD202C5C03AA00EF020C /* IOS.app */ = {isa = PBXFileReference; explicitFileType = wrapper.application; includeInIndex = 0; path = IOS.app; sourceTree = BUILT_PRODUCTS_DIR; };
		C070FD232C5C03AA00EF020C /* IOSApp.swift */ = {isa = PBXFileReference; lastKnownFileType = sourcecode.swift; path = IOSApp.swift; sourceTree = "<group>"; };
		C070FD252C5C03AA00EF020C /* ContentView.swift */ = {isa = PBXFileReference; lastKnownFileType = sourcecode.swift; path = ContentView.swift; sourceTree = "<group>"; };
		C070FD272C5C03AC00EF020C /* Assets.xcassets */ = {isa = PBXFileReference; lastKnownFileType = folder.assetcatalog; path = Assets.xcassets; sourceTree = "<group>"; };
		C070FD2A2C5C03AC00EF020C /* Preview Assets.xcassets */ = {isa = PBXFileReference; lastKnownFileType = folder.assetcatalog; path = "Preview Assets.xcassets"; sourceTree = "<group>"; };
		C070FD302C5C03AC00EF020C /* IOSTests.xctest */ = {isa = PBXFileReference; explicitFileType = wrapper.cfbundle; includeInIndex = 0; path = IOSTests.xctest; sourceTree = BUILT_PRODUCTS_DIR; };
		C070FD342C5C03AC00EF020C /* IOSTests.swift */ = {isa = PBXFileReference; lastKnownFileType = sourcecode.swift; path = IOSTests.swift; sourceTree = "<group>"; };
		C070FD3A2C5C03AC00EF020C /* IOSUITests.xctest */ = {isa = PBXFileReference; explicitFileType = wrapper.cfbundle; includeInIndex = 0; path = IOSUITests.xctest; sourceTree = BUILT_PRODUCTS_DIR; };
		C070FD3E2C5C03AC00EF020C /* IOSUITests.swift */ = {isa = PBXFileReference; lastKnownFileType = sourcecode.swift; path = IOSUITests.swift; sourceTree = "<group>"; };
		C070FD402C5C03AC00EF020C /* IOSUITestsLaunchTests.swift */ = {isa = PBXFileReference; lastKnownFileType = sourcecode.swift; path = IOSUITestsLaunchTests.swift; sourceTree = "<group>"; };
/* End PBXFileReference section */

/* Begin PBXFrameworksBuildPhase section */
		C070FD1D2C5C03AA00EF020C /* Frameworks */ = {
			isa = PBXFrameworksBuildPhase;
			buildActionMask = 2147483647;
			files = (
			);
			runOnlyForDeploymentPostprocessing = 0;
		};
		C070FD2D2C5C03AC00EF020C /* Frameworks */ = {
			isa = PBXFrameworksBuildPhase;
			buildActionMask = 2147483647;
			files = (
			);
			runOnlyForDeploymentPostprocessing = 0;
		};
		C070FD372C5C03AC00EF020C /* Frameworks */ = {
			isa = PBXFrameworksBuildPhase;
			buildActionMask = 2147483647;
			files = (
			);
			runOnlyForDeploymentPostprocessing = 0;
		};
/* End PBXFrameworksBuildPhase section */

/* Begin PBXGroup section */
		C070FD172C5C03AA00EF020C = {
			isa = PBXGroup;
			children = (
				C070FD222C5C03AA00EF020C /* IOS */,
				C070FD332C5C03AC00EF020C /* IOSTests */,
				C070FD3D2C5C03AC00EF020C /* IOSUITests */,
				C070FD212C5C03AA00EF020C /* Products */,
			);
			sourceTree = "<group>";
		};
		C070FD212C5C03AA00EF020C /* Products */ = {
			isa = PBXGroup;
			children = (
				C070FD202C5C03AA00EF020C /* IOS.app */,
				C070FD302C5C03AC00EF020C /* IOSTests.xctest */,
				C070FD3A2C5C03AC00EF020C /* IOSUITests.xctest */,
			);
			name = Products;
			sourceTree = "<group>";
		};
		C070FD222C5C03AA00EF020C /* IOS */ = {
			isa = PBXGroup;
			children = (
				C070FD232C5C03AA00EF020C /* IOSApp.swift */,
				C070FD252C5C03AA00EF020C /* ContentView.swift */,
				C070FD272C5C03AC00EF020C /* Assets.xcassets */,
				C070FD292C5C03AC00EF020C /* Preview Content */,
			);
			path = IOS;
			sourceTree = "<group>";
		};
		C070FD292C5C03AC00EF020C /* Preview Content */ = {
			isa = PBXGroup;
			children = (
				C070FD2A2C5C03AC00EF020C /* Preview Assets.xcassets */,
			);
			path = "Preview Content";
			sourceTree = "<group>";
		};
		C070FD332C5C03AC00EF020C /* IOSTests */ = {
			isa = PBXGroup;
			children = (
				C070FD342C5C03AC00EF020C /* IOSTests.swift */,
			);
			path = IOSTests;
			sourceTree = "<group>";
		};
		C070FD3D2C5C03AC00EF020C /* IOSUITests */ = {
			isa = PBXGroup;
			children = (
				C070FD3E2C5C03AC00EF020C /* IOSUITests.swift */,
				C070FD402C5C03AC00EF020C /* IOSUITestsLaunchTests.swift */,
			);
			path = IOSUITests;
			sourceTree = "<group>";
		};
/* End PBXGroup section */

/* Begin PBXNativeTarget section */
		C070FD1F2C5C03AA00EF020C /* IOS */ = {
			isa = PBXNativeTarget;
			buildConfigurationList = C070FD442C5C03AC00EF020C /* Build configuration list for PBXNativeTarget "IOS" */;
			buildPhases = (
				C070FD1C2C5C03AA00EF020C /* Sources */,
				C070FD1D2C5C03AA00EF020C /* Frameworks */,
				C070FD1E2C5C03AA00EF020C /* Resources */,
			);
			buildRules = (
			);
			dependencies = (
			);
			name = IOS;
			productName = IOS;
			productReference = C070FD202C5C03AA00EF020C /* IOS.app */;
			productType = "com.apple.product-type.application";
		};
		C070FD2F2C5C03AC00EF020C /* IOSTests */ = {
			isa = PBXNativeTarget;
			buildConfigurationList = C070FD472C5C03AC00EF020C /* Build configuration list for PBXNativeTarget "IOSTests" */;
			buildPhases = (
				C070FD2C2C5C03AC00EF020C /* Sources */,
				C070FD2D2C5C03AC00EF020C /* Frameworks */,
				C070FD2E2C5C03AC00EF020C /* Resources */,
			);
			buildRules = (
			);
			dependencies = (
				C070FD322C5C03AC00EF020C /* PBXTargetDependency */,
			);
			name = IOSTests;
			productName = IOSTests;
			productReference = C070FD302C5C03AC00EF020C /* IOSTests.xctest */;
			productType = "com.apple.product-type.bundle.unit-test";
		};
		C070FD392C5C03AC00EF020C /* IOSUITests */ = {
			isa = PBXNativeTarget;
			buildConfigurationList = C070FD4A2C5C03AC00EF020C /* Build configuration list for PBXNativeTarget "IOSUITests" */;
			buildPhases = (
				C070FD362C5C03AC00EF020C /* Sources */,
				C070FD372C5C03AC00EF020C /* Frameworks */,
				C070FD382C5C03AC00EF020C /* Resources */,
			);
			buildRules = (
			);
			dependencies = (
				C070FD3C2C5C03AC00EF020C /* PBXTargetDependency */,
			);
			name = IOSUITests;
			productName = IOSUITests;
			productReference = C070FD3A2C5C03AC00EF020C /* IOSUITests.xctest */;
			productType = "com.apple.product-type.bundle.ui-testing";
		};
/* End PBXNativeTarget section */

/* Begin PBXProject section */
		C070FD182C5C03AA00EF020C /* Project object */ = {
			isa = PBXProject;
			attributes = {
				BuildIndependentTargetsInParallel = 1;
				LastSwiftUpdateCheck = 1540;
				LastUpgradeCheck = 1540;
				TargetAttributes = {
					C070FD1F2C5C03AA00EF020C = {
						CreatedOnToolsVersion = 15.4;
					};
					C070FD2F2C5C03AC00EF020C = {
						CreatedOnToolsVersion = 15.4;
						TestTargetID = C070FD1F2C5C03AA00EF020C;
					};
					C070FD392C5C03AC00EF020C = {
						CreatedOnToolsVersion = 15.4;
						TestTargetID = C070FD1F2C5C03AA00EF020C;
					};
				};
			};
			buildConfigurationList = C070FD1B2C5C03AA00EF020C /* Build configuration list for PBXProject "IOS" */;
			compatibilityVersion = "Xcode 14.0";
			developmentRegion = en;
			hasScannedForEncodings = 0;
			knownRegions = (
				en,
				Base,
			);
			mainGroup = C070FD172C5C03AA00EF020C;
			productRefGroup = C070FD212C5C03AA00EF020C /* Products */;
			projectDirPath = "";
			projectRoot = "";
			targets = (
				C070FD1F2C5C03AA00EF020C /* IOS */,
				C070FD2F2C5C03AC00EF020C /* IOSTests */,
				C070FD392C5C03AC00EF020C /* IOSUITests */,
			);
		};
/* End PBXProject section */

/* Begin PBXResourcesBuildPhase section */
		C070FD1E2C5C03AA00EF020C /* Resources */ = {
			isa = PBXResourcesBuildPhase;
			buildActionMask = 2147483647;
			files = (
				C070FD2B2C5C03AC00EF020C /* Preview Assets.xcassets in Resources */,
				C070FD282C5C03AC00EF020C /* Assets.xcassets in Resources */,
			);
			runOnlyForDeploymentPostprocessing = 0;
		};
		C070FD2E2C5C03AC00EF020C /* Resources */ = {
			isa = PBXResourcesBuildPhase;
			buildActionMask = 2147483647;
			files = (
			);
			runOnlyForDeploymentPostprocessing = 0;
		};
		C070FD382C5C03AC00EF020C /* Resources */ = {
			isa = PBXResourcesBuildPhase;
			buildActionMask = 2147483647;
			files = (
			);
			runOnlyForDeploymentPostprocessing = 0;
		};
/* End PBXResourcesBuildPhase section */

/* Begin PBXSourcesBuildPhase section */
		C070FD1C2C5C03AA00EF020C /* Sources */ = {
			isa = PBXSourcesBuildPhase;
			buildActionMask = 2147483647;
			files = (
				C070FD262C5C03AA00EF020C /* ContentView.swift in Sources */,
				C070FD242C5C03AA00EF020C /* IOSApp.swift in Sources */,
			);
			runOnlyForDeploymentPostprocessing = 0;
		};
		C070FD2C2C5C03AC00EF020C /* Sources */ = {
			isa = PBXSourcesBuildPhase;
			buildActionMask = 2147483647;
			files = (
				C070FD352C5C03AC00EF020C /* IOSTests.swift in Sources */,
			);
			runOnlyForDeploymentPostprocessing = 0;
		};
		C070FD362C5C03AC00EF020C /* Sources */ = {
			isa = PBXSourcesBuildPhase;
			buildActionMask = 2147483647;
			files = (
				C070FD412C5C03AC00EF020C /* IOSUITestsLaunchTests.swift in Sources */,
				C070FD3F2C5C03AC00EF020C /* IOSUITests.swift in Sources */,
			);
			runOnlyForDeploymentPostprocessing = 0;
		};
/* End PBXSourcesBuildPhase section */

/* Begin PBXTargetDependency section */
		C070FD322C5C03AC00EF020C /* PBXTargetDependency */ = {
			isa = PBXTargetDependency;
			target = C070FD1F2C5C03AA00EF020C /* IOS */;
			targetProxy = C070FD312C5C03AC00EF020C /* PBXContainerItemProxy */;
		};
		C070FD3C2C5C03AC00EF020C /* PBXTargetDependency */ = {
			isa = PBXTargetDependency;
			target = C070FD1F2C5C03AA00EF020C /* IOS */;
			targetProxy = C070FD3B2C5C03AC00EF020C /* PBXContainerItemProxy */;
		};
/* End PBXTargetDependency section */

/* Begin XCBuildConfiguration section */
		C070FD422C5C03AC00EF020C /* Debug */ = {
			isa = XCBuildConfiguration;
			buildSettings = {
				ALWAYS_SEARCH_USER_PATHS = NO;
				ASSETCATALOG_COMPILER_GENERATE_SWIFT_ASSET_SYMBOL_EXTENSIONS = YES;
				CLANG_ANALYZER_NONNULL = YES;
				CLANG_ANALYZER_NUMBER_OBJECT_CONVERSION = YES_AGGRESSIVE;
				CLANG_CXX_LANGUAGE_STANDARD = "gnu++20";
				CLANG_ENABLE_MODULES = YES;
				CLANG_ENABLE_OBJC_ARC = YES;
				CLANG_ENABLE_OBJC_WEAK = YES;
				CLANG_WARN_BLOCK_CAPTURE_AUTORELEASING = YES;
				CLANG_WARN_BOOL_CONVERSION = YES;
				CLANG_WARN_COMMA = YES;
				CLANG_WARN_CONSTANT_CONVERSION = YES;
				CLANG_WARN_DEPRECATED_OBJC_IMPLEMENTATIONS = YES;
				CLANG_WARN_DIRECT_OBJC_ISA_USAGE = YES_ERROR;
				CLANG_WARN_DOCUMENTATION_COMMENTS = YES;
				CLANG_WARN_EMPTY_BODY = YES;
				CLANG_WARN_ENUM_CONVERSION = YES;
				CLANG_WARN_INFINITE_RECURSION = YES;
				CLANG_WARN_INT_CONVERSION = YES;
				CLANG_WARN_NON_LITERAL_NULL_CONVERSION = YES;
				CLANG_WARN_OBJC_IMPLICIT_RETAIN_SELF = YES;
				CLANG_WARN_OBJC_LITERAL_CONVERSION = YES;
				CLANG_WARN_OBJC_ROOT_CLASS = YES_ERROR;
				CLANG_WARN_QUOTED_INCLUDE_IN_FRAMEWORK_HEADER = YES;
				CLANG_WARN_RANGE_LOOP_ANALYSIS = YES;
				CLANG_WARN_STRICT_PROTOTYPES = YES;
				CLANG_WARN_SUSPICIOUS_MOVE = YES;
				CLANG_WARN_UNGUARDED_AVAILABILITY = YES_AGGRESSIVE;
				CLANG_WARN_UNREACHABLE_CODE = YES;
				CLANG_WARN__DUPLICATE_METHOD_MATCH = YES;
				COPY_PHASE_STRIP = NO;
				DEBUG_INFORMATION_FORMAT = dwarf;
				ENABLE_STRICT_OBJC_MSGSEND = YES;
				ENABLE_TESTABILITY = YES;
				ENABLE_USER_SCRIPT_SANDBOXING = YES;
				GCC_C_LANGUAGE_STANDARD = gnu17;
				GCC_DYNAMIC_NO_PIC = NO;
				GCC_NO_COMMON_BLOCKS = YES;
				GCC_OPTIMIZATION_LEVEL = 0;
				GCC_PREPROCESSOR_DEFINITIONS = (
					"DEBUG=1",
					"$(inherited)",
				);
				GCC_WARN_64_TO_32_BIT_CONVERSION = YES;
				GCC_WARN_ABOUT_RETURN_TYPE = YES_ERROR;
				GCC_WARN_UNDECLARED_SELECTOR = YES;
				GCC_WARN_UNINITIALIZED_AUTOS = YES_AGGRESSIVE;
				GCC_WARN_UNUSED_FUNCTION = YES;
				GCC_WARN_UNUSED_VARIABLE = YES;
				IPHONEOS_DEPLOYMENT_TARGET = 17.5;
				LOCALIZATION_PREFERS_STRING_CATALOGS = YES;
				MTL_ENABLE_DEBUG_INFO = INCLUDE_SOURCE;
				MTL_FAST_MATH = YES;
				ONLY_ACTIVE_ARCH = YES;
				SDKROOT = iphoneos;
				SWIFT_ACTIVE_COMPILATION_CONDITIONS = "DEBUG $(inherited)";
				SWIFT_OPTIMIZATION_LEVEL = "-Onone";
			};
			name = Debug;
		};
		C070FD432C5C03AC00EF020C /* Release */ = {
			isa = XCBuildConfiguration;
			buildSettings = {
				ALWAYS_SEARCH_USER_PATHS = NO;
				ASSETCATALOG_COMPILER_GENERATE_SWIFT_ASSET_SYMBOL_EXTENSIONS = YES;
				CLANG_ANALYZER_NONNULL = YES;
				CLANG_ANALYZER_NUMBER_OBJECT_CONVERSION = YES_AGGRESSIVE;
				CLANG_CXX_LANGUAGE_STANDARD = "gnu++20";
				CLANG_ENABLE_MODULES = YES;
				CLANG_ENABLE_OBJC_ARC = YES;
				CLANG_ENABLE_OBJC_WEAK = YES;
				CLANG_WARN_BLOCK_CAPTURE_AUTORELEASING = YES;
				CLANG_WARN_BOOL_CONVERSION = YES;
				CLANG_WARN_COMMA = YES;
				CLANG_WARN_CONSTANT_CONVERSION = YES;
				CLANG_WARN_DEPRECATED_OBJC_IMPLEMENTATIONS = YES;
				CLANG_WARN_DIRECT_OBJC_ISA_USAGE = YES_ERROR;
				CLANG_WARN_DOCUMENTATION_COMMENTS = YES;
				CLANG_WARN_EMPTY_BODY = YES;
				CLANG_WARN_ENUM_CONVERSION = YES;
				CLANG_WARN_INFINITE_RECURSION = YES;
				CLANG_WARN_INT_CONVERSION = YES;
				CLANG_WARN_NON_LITERAL_NULL_CONVERSION = YES;
				CLANG_WARN_OBJC_IMPLICIT_RETAIN_SELF = YES;
				CLANG_WARN_OBJC_LITERAL_CONVERSION = YES;
				CLANG_WARN_OBJC_ROOT_CLASS = YES_ERROR;
				CLANG_WARN_QUOTED_INCLUDE_IN_FRAMEWORK_HEADER = YES;
				CLANG_WARN_RANGE_LOOP_ANALYSIS = YES;
				CLANG_WARN_STRICT_PROTOTYPES = YES;
				CLANG_WARN_SUSPICIOUS_MOVE = YES;
				CLANG_WARN_UNGUARDED_AVAILABILITY = YES_AGGRESSIVE;
				CLANG_WARN_UNREACHABLE_CODE = YES;
				CLANG_WARN__DUPLICATE_METHOD_MATCH = YES;
				COPY_PHASE_STRIP = NO;
				DEBUG_INFORMATION_FORMAT = "dwarf-with-dsym";
				ENABLE_NS_ASSERTIONS = NO;
				ENABLE_STRICT_OBJC_MSGSEND = YES;
				ENABLE_USER_SCRIPT_SANDBOXING = YES;
				GCC_C_LANGUAGE_STANDARD = gnu17;
				GCC_NO_COMMON_BLOCKS = YES;
				GCC_WARN_64_TO_32_BIT_CONVERSION = YES;
				GCC_WARN_ABOUT_RETURN_TYPE = YES_ERROR;
				GCC_WARN_UNDECLARED_SELECTOR = YES;
				GCC_WARN_UNINITIALIZED_AUTOS = YES_AGGRESSIVE;
				GCC_WARN_UNUSED_FUNCTION = YES;
				GCC_WARN_UNUSED_VARIABLE = YES;
				IPHONEOS_DEPLOYMENT_TARGET = 17.5;
				LOCALIZATION_PREFERS_STRING_CATALOGS = YES;
				MTL_ENABLE_DEBUG_INFO = NO;
				MTL_FAST_MATH = YES;
				SDKROOT = iphoneos;
				SWIFT_COMPILATION_MODE = wholemodule;
				VALIDATE_PRODUCT = YES;
			};
			name = Release;
		};
		C070FD452C5C03AC00EF020C /* Debug */ = {
			isa = XCBuildConfiguration;
			buildSettings = {
				ASSETCATALOG_COMPILER_APPICON_NAME = AppIcon;
				ASSETCATALOG_COMPILER_GLOBAL_ACCENT_COLOR_NAME = AccentColor;
				CODE_SIGN_STYLE = Automatic;
				CURRENT_PROJECT_VERSION = 1;
				DEVELOPMENT_ASSET_PATHS = "\"IOS/Preview Content\"";
				DEVELOPMENT_TEAM = FYFC82W5FA;
				ENABLE_PREVIEWS = YES;
				GENERATE_INFOPLIST_FILE = YES;
				INFOPLIST_KEY_UIApplicationSceneManifest_Generation = YES;
				INFOPLIST_KEY_UIApplicationSupportsIndirectInputEvents = YES;
				INFOPLIST_KEY_UILaunchScreen_Generation = YES;
				INFOPLIST_KEY_UISupportedInterfaceOrientations_iPad = "UIInterfaceOrientationPortrait UIInterfaceOrientationPortraitUpsideDown UIInterfaceOrientationLandscapeLeft UIInterfaceOrientationLandscapeRight";
				INFOPLIST_KEY_UISupportedInterfaceOrientations_iPhone = "UIInterfaceOrientationPortrait UIInterfaceOrientationLandscapeLeft UIInterfaceOrientationLandscapeRight";
				LD_RUNPATH_SEARCH_PATHS = (
					"$(inherited)",
					"@executable_path/Frameworks",
				);
				MARKETING_VERSION = 1.0;
				PRODUCT_BUNDLE_IDENTIFIER = swift.IOS;
				PRODUCT_NAME = "$(TARGET_NAME)";
				SWIFT_EMIT_LOC_STRINGS = YES;
				SWIFT_VERSION = 5.0;
				TARGETED_DEVICE_FAMILY = "1,2";
			};
			name = Debug;
		};
		C070FD462C5C03AC00EF020C /* Release */ = {
			isa = XCBuildConfiguration;
			buildSettings = {
				ASSETCATALOG_COMPILER_APPICON_NAME = AppIcon;
				ASSETCATALOG_COMPILER_GLOBAL_ACCENT_COLOR_NAME = AccentColor;
				CODE_SIGN_STYLE = Automatic;
				CURRENT_PROJECT_VERSION = 1;
				DEVELOPMENT_ASSET_PATHS = "\"IOS/Preview Content\"";
				DEVELOPMENT_TEAM = FYFC82W5FA;
				ENABLE_PREVIEWS = YES;
				GENERATE_INFOPLIST_FILE = YES;
				INFOPLIST_KEY_UIApplicationSceneManifest_Generation = YES;
				INFOPLIST_KEY_UIApplicationSupportsIndirectInputEvents = YES;
				INFOPLIST_KEY_UILaunchScreen_Generation = YES;
				INFOPLIST_KEY_UISupportedInterfaceOrientations_iPad = "UIInterfaceOrientationPortrait UIInterfaceOrientationPortraitUpsideDown UIInterfaceOrientationLandscapeLeft UIInterfaceOrientationLandscapeRight";
				INFOPLIST_KEY_UISupportedInterfaceOrientations_iPhone = "UIInterfaceOrientationPortrait UIInterfaceOrientationLandscapeLeft UIInterfaceOrientationLandscapeRight";
				LD_RUNPATH_SEARCH_PATHS = (
					"$(inherited)",
					"@executable_path/Frameworks",
				);
				MARKETING_VERSION = 1.0;
				PRODUCT_BUNDLE_IDENTIFIER = swift.IOS;
				PRODUCT_NAME = "$(TARGET_NAME)";
				SWIFT_EMIT_LOC_STRINGS = YES;
				SWIFT_VERSION = 5.0;
				TARGETED_DEVICE_FAMILY = "1,2";
			};
			name = Release;
		};
		C070FD482C5C03AC00EF020C /* Debug */ = {
			isa = XCBuildConfiguration;
			buildSettings = {
				ALWAYS_EMBED_SWIFT_STANDARD_LIBRARIES = YES;
				BUNDLE_LOADER = "$(TEST_HOST)";
				CODE_SIGN_STYLE = Automatic;
				CURRENT_PROJECT_VERSION = 1;
				DEVELOPMENT_TEAM = FYFC82W5FA;
				GENERATE_INFOPLIST_FILE = YES;
				IPHONEOS_DEPLOYMENT_TARGET = 17.5;
				MARKETING_VERSION = 1.0;
				PRODUCT_BUNDLE_IDENTIFIER = swift.IOSTests;
				PRODUCT_NAME = "$(TARGET_NAME)";
				SWIFT_EMIT_LOC_STRINGS = NO;
				SWIFT_VERSION = 5.0;
				TARGETED_DEVICE_FAMILY = "1,2";
				TEST_HOST = "$(BUILT_PRODUCTS_DIR)/IOS.app/$(BUNDLE_EXECUTABLE_FOLDER_PATH)/IOS";
			};
			name = Debug;
		};
		C070FD492C5C03AC00EF020C /* Release */ = {
			isa = XCBuildConfiguration;
			buildSettings = {
				ALWAYS_EMBED_SWIFT_STANDARD_LIBRARIES = YES;
				BUNDLE_LOADER = "$(TEST_HOST)";
				CODE_SIGN_STYLE = Automatic;
				CURRENT_PROJECT_VERSION = 1;
				DEVELOPMENT_TEAM = FYFC82W5FA;
				GENERATE_INFOPLIST_FILE = YES;
				IPHONEOS_DEPLOYMENT_TARGET = 17.5;
				MARKETING_VERSION = 1.0;
				PRODUCT_BUNDLE_IDENTIFIER = swift.IOSTests;
				PRODUCT_NAME = "$(TARGET_NAME)";
				SWIFT_EMIT_LOC_STRINGS = NO;
				SWIFT_VERSION = 5.0;
				TARGETED_DEVICE_FAMILY = "1,2";
				TEST_HOST = "$(BUILT_PRODUCTS_DIR)/IOS.app/$(BUNDLE_EXECUTABLE_FOLDER_PATH)/IOS";
			};
			name = Release;
		};
		C070FD4B2C5C03AC00EF020C /* Debug */ = {
			isa = XCBuildConfiguration;
			buildSettings = {
				ALWAYS_EMBED_SWIFT_STANDARD_LIBRARIES = YES;
				CODE_SIGN_STYLE = Automatic;
				CURRENT_PROJECT_VERSION = 1;
				DEVELOPMENT_TEAM = FYFC82W5FA;
				GENERATE_INFOPLIST_FILE = YES;
				MARKETING_VERSION = 1.0;
				PRODUCT_BUNDLE_IDENTIFIER = swift.IOSUITests;
				PRODUCT_NAME = "$(TARGET_NAME)";
				SWIFT_EMIT_LOC_STRINGS = NO;
				SWIFT_VERSION = 5.0;
				TARGETED_DEVICE_FAMILY = "1,2";
				TEST_TARGET_NAME = IOS;
			};
			name = Debug;
		};
		C070FD4C2C5C03AC00EF020C /* Release */ = {
			isa = XCBuildConfiguration;
			buildSettings = {
				ALWAYS_EMBED_SWIFT_STANDARD_LIBRARIES = YES;
				CODE_SIGN_STYLE = Automatic;
				CURRENT_PROJECT_VERSION = 1;
				DEVELOPMENT_TEAM = FYFC82W5FA;
				GENERATE_INFOPLIST_FILE = YES;
				MARKETING_VERSION = 1.0;
				PRODUCT_BUNDLE_IDENTIFIER = swift.IOSUITests;
				PRODUCT_NAME = "$(TARGET_NAME)";
				SWIFT_EMIT_LOC_STRINGS = NO;
				SWIFT_VERSION = 5.0;
				TARGETED_DEVICE_FAMILY = "1,2";
				TEST_TARGET_NAME = IOS;
			};
			name = Release;
		};
/* End XCBuildConfiguration section */

/* Begin XCConfigurationList section */
		C070FD1B2C5C03AA00EF020C /* Build configuration list for PBXProject "IOS" */ = {
			isa = XCConfigurationList;
			buildConfigurations = (
				C070FD422C5C03AC00EF020C /* Debug */,
				C070FD432C5C03AC00EF020C /* Release */,
			);
			defaultConfigurationIsVisible = 0;
			defaultConfigurationName = Release;
		};
		C070FD442C5C03AC00EF020C /* Build configuration list for PBXNativeTarget "IOS" */ = {
			isa = XCConfigurationList;
			buildConfigurations = (
				C070FD452C5C03AC00EF020C /* Debug */,
				C070FD462C5C03AC00EF020C /* Release */,
			);
			defaultConfigurationIsVisible = 0;
			defaultConfigurationName = Release;
		};
		C070FD472C5C03AC00EF020C /* Build configuration list for PBXNativeTarget "IOSTests" */ = {
			isa = XCConfigurationList;
			buildConfigurations = (
				C070FD482C5C03AC00EF020C /* Debug */,
				C070FD492C5C03AC00EF020C /* Release */,
			);
			defaultConfigurationIsVisible = 0;
			defaultConfigurationName = Release;
		};
		C070FD4A2C5C03AC00EF020C /* Build configuration list for PBXNativeTarget "IOSUITests" */ = {
			isa = XCConfigurationList;
			buildConfigurations = (
				C070FD4B2C5C03AC00EF020C /* Debug */,
				C070FD4C2C5C03AC00EF020C /* Release */,
			);
			defaultConfigurationIsVisible = 0;
			defaultConfigurationName = Release;
		};
/* End XCConfigurationList section */
	};
	rootObject = C070FD182C5C03AA00EF020C /* Project object */;
}
